
Microsoft Visual Studio Solution File, Format Version 12.00
# Visual Studio Version 17
VisualStudioVersion = 17.2.32630.192
MinimumVisualStudioVersion = 10.0.40219.1
Project("{9A19103F-16F7-4668-BE54-9A1E7A4F7556}") = "IMC", "IMC\IMC.csproj", "{2AB22C98-BABB-4776-B28C-B616521E5383}"
EndProject
Global
	GlobalSection(SolutionConfigurationPlatforms) = preSolution
		Debug|Any CPU = Debug|Any CPU
		Release|Any CPU = Release|Any CPU
	EndGlobalSection
	GlobalSection(ProjectConfigurationPlatforms) = postSolution
		{2AB22C98-BABB-4776-B28C-B616521E5383}.Debug|Any CPU.ActiveCfg = Debug|Any CPU
		{2AB22C98-BABB-4776-B28C-B616521E5383}.Debug|Any CPU.Build.0 = Debug|Any CPU
		{2AB22C98-BABB-4776-B28C-B616521E5383}.Release|Any CPU.ActiveCfg = Release|Any CPU
		{2AB22C98-BABB-4776-B28C-B616521E5383}.Release|Any CPU.Build.0 = Release|Any CPU
	EndGlobalSection
	GlobalSection(SolutionProperties) = preSolution
		HideSolutionNode = FALSE
	EndGlobalSection
	GlobalSection(ExtensibilityGlobals) = postSolution
		SolutionGuid = {B1E14A55-1284-4EF4-B64F-6B045FDA3E45}
	EndGlobalSection
EndGlobal
